{
  "sources": {
    "chef-client": {
      "locked_version": "3.1.0"
    },
    "graphite": {
      "locked_version": "0.4.3"
    },
    "memcached": {
      "locked_version": "1.5.0"
    },
    "manchesterio": {
      "path": "./site-cookbooks/manchesterio"
    },
    "mollyproject": {
      "locked_version": "0.0.0",
      "git": "https://github.com/ManchesterIO/cookbook-molly.git",
      "ref": "7dd56434342293abc55a08ceadc1d2bc90ea1639"
    },
    "mongodb": {
      "locked_version": "0.13.2",
      "git": "https://github.com/edelight/chef-mongodb.git",
      "ref": "202ed123084081ea38bbfffa8fbea20c7a62212c"
    },
    "rabbitmq": {
      "locked_version": "2.3.0"
    },
    "ssh-keys": {
      "locked_version": "1.0.0"
    },
    "statsd": {
      "locked_version": "1.1.5",
      "git": "https://github.com/hectcastro/chef-statsd.git",
      "ref": "95f86c1d5ed55e3386c1b3c075a40868d080dac8"
    },
    "sudo": {
      "locked_version": "2.2.0"
    },
    "cron": {
      "locked_version": "1.2.8"
    },
    "logrotate": {
      "locked_version": "1.4.0"
    },
    "python": {
      "locked_version": "1.4.0"
    },
    "build-essential": {
      "locked_version": "1.4.2"
    },
    "yum": {
      "locked_version": "2.3.2"
    },
    "apache2": {
      "locked_version": "1.8.4"
    },
    "runit": {
      "locked_version": "1.2.0"
    },
    "firewall": {
      "locked_version": "0.11.0"
    },
    "nginx": {
      "locked_version": "1.8.0"
    },
    "apt": {
      "locked_version": "2.1.2"
    },
    "ohai": {
      "locked_version": "1.1.12"
    },
    "git": {
      "locked_version": "2.7.0"
    },
    "dmg": {
      "locked_version": "2.0.2"
    },
    "windows": {
      "locked_version": "1.10.0"
    },
    "chef_handler": {
      "locked_version": "1.1.4"
    },
    "supervisor": {
      "locked_version": "0.4.8"
    },
    "erlang": {
      "locked_version": "1.3.2"
    },
    "nodejs": {
      "locked_version": "1.3.0"
    }
  }
}
