{
  "sources": {
    "chef-client": {
      "locked_version": "3.1.0"
    },
    "elasticsearch": {
      "locked_version": "0.3.7"
    },
    "graphite": {
      "locked_version": "0.4.3"
    },
    "java": {
      "locked_version": "1.14.0"
    },
    "memcached": {
      "locked_version": "1.5.0"
    },
    "manchesterio": {
      "path": "./site-cookbooks/manchesterio"
    },
    "mollyproject": {
      "locked_version": "2.0.0",
      "git": "https://github.com/ManchesterIO/cookbook-molly.git",
      "ref": "c210eb4e2411295a26741cc0f1dbe95aba41a742"
    },
    "mongodb": {
      "locked_version": "0.15.0",
      "git": "https://github.com/edelight/chef-mongodb.git",
      "ref": "d2586717e7fde4e8807767298bbc48f4fbda2308"
    },
    "rabbitmq": {
      "locked_version": "2.3.0"
    },
    "ssh-keys": {
      "locked_version": "1.0.0"
    },
    "statsd": {
      "locked_version": "1.1.5",
      "git": "https://github.com/hectcastro/chef-statsd.git",
      "ref": "95f86c1d5ed55e3386c1b3c075a40868d080dac8"
    },
    "sudo": {
      "locked_version": "2.2.0"
    },
    "cron": {
      "locked_version": "1.2.8"
    },
    "logrotate": {
      "locked_version": "1.4.0"
    },
    "build-essential": {
      "locked_version": "1.4.2"
    },
    "xml": {
      "locked_version": "1.2.0"
    },
    "monit": {
      "locked_version": "0.7.1"
    },
    "ark": {
      "locked_version": "0.4.0"
    },
    "python": {
      "locked_version": "1.4.0"
    },
    "yum": {
      "locked_version": "3.0.2"
    },
    "apache2": {
      "locked_version": "1.8.4"
    },
    "runit": {
      "locked_version": "1.2.0"
    },
    "windows": {
      "locked_version": "1.10.0"
    },
    "chef_handler": {
      "locked_version": "1.1.4"
    },
    "aws": {
      "locked_version": "1.0.0"
    },
    "firewall": {
      "locked_version": "0.11.0"
    },
    "htpasswd": {
      "locked_version": "0.0.3"
    },
    "nginx": {
      "locked_version": "1.8.0"
    },
    "apt": {
      "locked_version": "2.1.2"
    },
    "ohai": {
      "locked_version": "1.1.12"
    },
    "git": {
      "locked_version": "2.7.0"
    },
    "dmg": {
      "locked_version": "2.0.2"
    },
    "supervisor": {
      "locked_version": "0.4.8"
    },
    "erlang": {
      "locked_version": "1.3.2"
    },
    "nodejs": {
      "locked_version": "1.3.0"
    }
  }
}
